---
name: Lock

# yamllint disable-line rule:truthy
on:
  schedule:
    - cron: "0 8 * * *"
  workflow_dispatch:

jobs:
  lock:
    name: 🔒 Lock closed issues and PRs
    runs-on: ubuntu-latest
    permissions:
      issues: write
      pull-requests: write
      discussions: write
    steps:
      - uses: dessant/lock-threads@v5.0.1
        with:
          github-token: ${{ secrets.GITHUB_TOKEN }}
          issue-inactive-days: "30"
          issue-lock-reason: ""
          pr-inactive-days: "1"
          pr-lock-reason: ""
