---
name: Refresh lock

# yamllint disable-line rule:truthy
on:
  pull_request:
    paths:
      - "pyproject.toml"
      - ".github/workflows/refresh-lock.yaml"

permissions:
  contents: write

jobs:
  lock:
    name: Generate lockfile
    runs-on: ubuntu-latest
    steps:
      - name: ⤵️ Check out PR branch
        uses: actions/checkout@3d3c42e5aac5ba805825da76410c181273ba90b1 # v7.0.1
        with:
          ref: ${{ github.head_ref }}
      - name: 🏗 Set up Poetry
        run: pipx install poetry
      - name: 🔒 Refresh lockfile
        run: poetry lock
      - name: ⬆️ Commit lockfile when changed
        run: |
          if git diff --quiet -- poetry.lock; then
            exit 0
          fi
          git config user.name "github-actions[bot]"
          git config user.email "41898282+github-actions[bot]@users.noreply.github.com"
          git add poetry.lock
          git commit -m "🔒 Refresh Poetry lockfile"
          git push
